{
    "_readme": [
        "This file locks the dependencies of your project to a known state",
        "Read more about it at http://getcomposer.org/doc/01-basic-usage.md#composer-lock-the-lock-file"
    ],
    "hash": "35c0f4844398ec842d1e9ee66a117203",
    "packages": [
        {
            "name": "bolt80/piecrust",
            "version": "dev-master",
            "source": {
                "type": "git",
                "url": "https://github.com/ludovicchabant/PieCrust.git",
                "reference": "ef08d352bb9be53a3c9e7fb8c5da40b5abdf2f5b"
            },
            "dist": {
                "type": "zip",
                "url": "https://api.github.com/repos/ludovicchabant/PieCrust/zipball/82efb6ec7a7d239b7d6c2db939c49c096d410773",
                "reference": "ef08d352bb9be53a3c9e7fb8c5da40b5abdf2f5b",
                "shasum": ""
            },
            "require": {
                "bolt80/stupidhttp": "v0.2.0",
                "geshi/geshi": "1.0.*",
                "lessphp/lessphp": "0.3.*",
                "markdown/markdown": "1.0",
                "markdown/markdown-extra": "1.0",
                "mikey179/vfsstream": "v1.1.0",
                "mustache/mustache": "1.*",
                "php": ">= 5.3.0",
                "smartypants/smartypants": "1.0",
                "smartypants/smartypants-typographer": "1.0",
                "symfony/yaml": "v2.0.14",
                "textile/textile": "2.*",
                "twig/twig": "v1.8.1"
            },
            "type": "library",
            "autoload": {
                "psr-0": {
                    "PieCrust": [
                        "src/",
                        "tests/src/"
                    ],
                    "Log": "libs/pear",
                    "Console": "libs/pear",
                    "Benchmark_": "libs/pear"
                }
            },
            "include-path": [
                "libs/pear"
            ],
            "authors": [
                {
                    "name": "Ludovic Chabant",
                    "homepage": "http://ludovic.chabant.com"
                }
            ],
            "description": "A lightweight CMS and static website generator.",
            "homepage": "http://bolt80.com/piecrust",
            "support": {
                "source": "https://github.com/ludovicchabant/PieCrust/tree/master",
                "issues": "https://github.com/ludovicchabant/PieCrust/issues"
            },
            "time": "2013-06-14 05:01:21"
        },
        {
            "name": "bolt80/stupidhttp",
            "version": "v0.2.0",
            "source": {
                "type": "git",
                "url": "https://github.com/ludovicchabant/StupidHttp",
                "reference": "v0.2.0"
            },
            "dist": {
                "type": "zip",
                "url": "https://github.com/ludovicchabant/StupidHttp/zipball/v0.2.0",
                "reference": "v0.2.0",
                "shasum": ""
            },
            "require": {
                "php": ">= 5.3.0"
            },
            "type": "library",
            "autoload": {
                "psr-0": {
                    "StupidHttp_": "lib"
                }
            },
            "license": [
                "Apache-2.0"
            ],
            "authors": [
                {
                    "name": "Ludovic Chabant",
                    "homepage": "http://ludovic.chabant.com"
                }
            ],
            "description": "A stupid and simple development HTTP server.",
            "homepage": "http://bolt80.com/stupidhttp",
            "keywords": [
                "http",
                "net",
                "server",
                "web"
            ],
            "time": "2012-05-31 13:28:25"
        },
        {
            "name": "geshi/geshi",
            "version": "1.0.8.11",
            "dist": {
                "type": "zip",
                "url": "http://sourceforge.net/projects/geshi/files/geshi/GeSHi%201.0.8.11/GeSHi-1.0.8.11.zip/download",
                "reference": null,
                "shasum": null
            },
            "type": "library",
            "autoload": {
                "classmap": [
                    "geshi.php"
                ]
            }
        },
        {
            "name": "lessphp/lessphp",
            "version": "0.3.4",
            "dist": {
                "type": "zip",
                "url": "https://github.com/leafo/lessphp/zipball/v0.3.4-2",
                "reference": null,
                "shasum": null
            },
            "type": "library",
            "autoload": {
                "classmap": [
                    "lessc.inc.php"
                ]
            }
        },
        {
            "name": "markdown/markdown",
            "version": "1.0",
            "dist": {
                "type": "zip",
                "url": "https://github.com/michelf/php-markdown/zipball/master",
                "reference": null,
                "shasum": null
            },
            "type": "library"
        },
        {
            "name": "markdown/markdown-extra",
            "version": "1.0",
            "dist": {
                "type": "zip",
                "url": "https://github.com/michelf/php-markdown/zipball/extra",
                "reference": null,
                "shasum": null
            },
            "type": "library"
        },
        {
            "name": "mikey179/vfsStream",
            "version": "v1.1.0",
            "source": {
                "type": "git",
                "url": "https://github.com/mikey179/vfsStream",
                "reference": "v1.1.0"
            },
            "dist": {
                "type": "zip",
                "url": "https://github.com/mikey179/vfsStream/zipball/v1.1.0",
                "reference": "v1.1.0",
                "shasum": ""
            },
            "require": {
                "php": ">=5.3.0"
            },
            "type": "library",
            "autoload": {
                "psr-0": {
                    "org\\bovigo\\vfs": "src/main/php"
                }
            },
            "license": [
                "BSD"
            ],
            "homepage": "http://vfs.bovigo.org/",
            "time": "2012-08-25 05:49:29"
        },
        {
            "name": "mustache/mustache",
            "version": "1.1.0",
            "dist": {
                "type": "zip",
                "url": "https://github.com/bobthecow/mustache.php/zipball/v1.1.0",
                "reference": null,
                "shasum": null
            },
            "type": "library",
            "autoload": {
                "classmap": [
                    "Mustache.php",
                    "MustacheLoader.php"
                ]
            }
        },
        {
            "name": "smartypants/smartypants",
            "version": "1.0",
            "dist": {
                "type": "zip",
                "url": "https://github.com/michelf/php-smartypants/zipball/master",
                "reference": null,
                "shasum": null
            },
            "type": "library"
        },
        {
            "name": "smartypants/smartypants-typographer",
            "version": "1.0",
            "dist": {
                "type": "zip",
                "url": "https://github.com/michelf/php-smartypants/zipball/typo",
                "reference": null,
                "shasum": null
            },
            "type": "library"
        },
        {
            "name": "symfony/yaml",
            "version": "v2.0.14",
            "target-dir": "Symfony/Component/Yaml",
            "source": {
                "type": "git",
                "url": "https://github.com/symfony/Yaml",
                "reference": "v2.0.14"
            },
            "dist": {
                "type": "zip",
                "url": "https://github.com/symfony/Yaml/zipball/v2.0.14",
                "reference": "v2.0.14",
                "shasum": ""
            },
            "require": {
                "php": ">=5.3.2"
            },
            "type": "library",
            "autoload": {
                "psr-0": {
                    "Symfony\\Component\\Yaml": ""
                }
            },
            "license": [
                "MIT"
            ],
            "authors": [
                {
                    "name": "Fabien Potencier",
                    "email": "fabien@symfony.com"
                },
                {
                    "name": "Symfony Community",
                    "homepage": "http://symfony.com/contributors"
                }
            ],
            "description": "Symfony Yaml Component",
            "homepage": "http://symfony.com",
            "time": "2012-05-15 09:56:32"
        },
        {
            "name": "textile/textile",
            "version": "2.0.0",
            "dist": {
                "type": "zip",
                "url": "http://textile.thresholdstate.com/file_download/1/textile-2.0.0.zip",
                "reference": null,
                "shasum": null
            },
            "type": "library",
            "autoload": {
                "classmap": [
                    "classTextile.php"
                ]
            }
        },
        {
            "name": "twig/twig",
            "version": "v1.8.1",
            "source": {
                "type": "git",
                "url": "git://github.com/fabpot/Twig.git",
                "reference": "v1.8.1"
            },
            "dist": {
                "type": "zip",
                "url": "https://github.com/fabpot/Twig/zipball/v1.8.1",
                "reference": "v1.8.1",
                "shasum": ""
            },
            "require": {
                "php": ">=5.2.4"
            },
            "type": "library",
            "extra": {
                "branch-alias": {
                    "dev-master": "1.8-dev"
                }
            },
            "autoload": {
                "psr-0": {
                    "Twig_": "lib/"
                }
            },
            "license": [
                "BSD-3"
            ],
            "authors": [
                {
                    "name": "Fabien Potencier",
                    "email": "fabien@symfony.com"
                },
                {
                    "name": "Armin Ronacher",
                    "email": "armin.ronacher@active-4.com"
                }
            ],
            "description": "Twig, the flexible, fast, and secure template language for PHP",
            "homepage": "http://twig.sensiolabs.org",
            "keywords": [
                "templating"
            ],
            "time": "2012-05-17 09:02:47"
        }
    ],
    "packages-dev": [

    ],
    "aliases": [

    ],
    "minimum-stability": "dev",
    "stability-flags": {
        "bolt80/piecrust": 20
    },
    "platform": {
        "php": ">= 5.3.0"
    },
    "platform-dev": [

    ]
}
